
Microsoft Visual Studio Solution File, Format Version 12.00
# Visual Studio Version 17
VisualStudioVersion = 17.5.002.0
MinimumVisualStudioVersion = 10.0.40219.1
Project("{9A19103F-16F7-4668-BE54-9A1E7A4F7556}") = "todoapp", "todoapp.csproj", "{DB4044F3-1C4F-4FC1-9F59-C3B6790E0881}"
EndProject
Global
	GlobalSection(SolutionConfigurationPlatforms) = preSolution
		Debug|Any CPU = Debug|Any CPU
		Release|Any CPU = Release|Any CPU
	EndGlobalSection
	GlobalSection(ProjectConfigurationPlatforms) = postSolution
		{DB4044F3-1C4F-4FC1-9F59-C3B6790E0881}.Debug|Any CPU.ActiveCfg = Debug|Any CPU
		{DB4044F3-1C4F-4FC1-9F59-C3B6790E0881}.Debug|Any CPU.Build.0 = Debug|Any CPU
		{DB4044F3-1C4F-4FC1-9F59-C3B6790E0881}.Release|Any CPU.ActiveCfg = Release|Any CPU
		{DB4044F3-1C4F-4FC1-9F59-C3B6790E0881}.Release|Any CPU.Build.0 = Release|Any CPU
	EndGlobalSection
	GlobalSection(SolutionProperties) = preSolution
		HideSolutionNode = FALSE
	EndGlobalSection
	GlobalSection(ExtensibilityGlobals) = postSolution
		SolutionGuid = {0FC86B89-79E2-44B7-A3F1-9A5FE6ED5824}
	EndGlobalSection
EndGlobal
